{
  "name": "paper-tree",
  "version": "0.1.4",
  "lockfileVersion": 1,
  "requires": true,
  "dependencies": {
    "JSONStream": {
      "version": "1.3.2",
      "resolved": "http://npm.2kweb.online/JSONStream/-/JSONStream-1.3.2.tgz",
      "integrity": "sha1-wQI3G27Dp887hHygDCC7D85Mbeo=",
      "requires": {
        "jsonparse": "1.3.1",
        "through": "2.3.8"
      }
    },
    "any-promise": {
      "version": "1.3.0",
      "resolved": "https://registry.npmjs.org/any-promise/-/any-promise-1.3.0.tgz",
      "integrity": "sha1-q8av7tzqUugJzcA3au0845Y10X8="
    },
    "assert-plus": {
      "version": "1.0.0",
      "resolved": "http://npm.2kweb.online/assert-plus/-/assert-plus-1.0.0.tgz",
      "integrity": "sha1-8S4PPF13sLHN2RRpQuTpbB5N1SU="
    },
    "big-json": {
      "version": "2.0.0",
      "resolved": "http://npm.2kweb.online/big-json/-/big-json-2.0.0.tgz",
      "integrity": "sha512-FI2XaRxMD5TsoqLwOzzmzob2zKZACgpfP6+lXeQ4BGmNZwmnOqjo9oeAyfbOPlrIMt3jNlhrPIyxw3hrZEk3hg==",
      "requires": {
        "JSONStream": "1.3.2",
        "assert-plus": "1.0.0",
        "into-stream": "3.1.0",
        "json-stream-stringify": "1.5.1",
        "mississippi": "1.3.1",
        "once": "1.4.0"
      }
    },
    "concat-stream": {
      "version": "1.6.1",
      "resolved": "http://npm.2kweb.online/concat-stream/-/concat-stream-1.6.1.tgz",
      "integrity": "sha512-gslSSJx03QKa59cIKqeJO9HQ/WZMotvYJCuaUULrLpjj8oG40kV2Z+gz82pVxlTkOADi4PJxQPPfhl1ELYrrXw==",
      "requires": {
        "inherits": "2.0.3",
        "readable-stream": "2.3.5",
        "typedarray": "0.0.6"
      }
    },
    "core-util-is": {
      "version": "1.0.2",
      "resolved": "http://npm.2kweb.online/core-util-is/-/core-util-is-1.0.2.tgz",
      "integrity": "sha1-tf1UIgqivFq1eqtxQMlAdUUDwac="
    },
    "cyclist": {
      "version": "0.2.2",
      "resolved": "http://npm.2kweb.online/cyclist/-/cyclist-0.2.2.tgz",
      "integrity": "sha1-GzN5LhHpFKL9bW7WRHRkRE5fpkA="
    },
    "duplexify": {
      "version": "3.5.4",
      "resolved": "http://npm.2kweb.online/duplexify/-/duplexify-3.5.4.tgz",
      "integrity": "sha512-JzYSLYMhoVVBe8+mbHQ4KgpvHpm0DZpJuL8PY93Vyv1fW7jYJ90LoXa1di/CVbJM+TgMs91rbDapE/RNIfnJsA==",
      "requires": {
        "end-of-stream": "1.4.1",
        "inherits": "2.0.3",
        "readable-stream": "2.3.5",
        "stream-shift": "1.0.0"
      }
    },
    "end-of-stream": {
      "version": "1.4.1",
      "resolved": "http://npm.2kweb.online/end-of-stream/-/end-of-stream-1.4.1.tgz",
      "integrity": "sha512-1MkrZNvWTKCaigbn+W15elq2BB/L22nqrSY5DKlo3X6+vclJm8Bb5djXJBmEX6fS3+zCh/F4VBK5Z2KxJt4s2Q==",
      "requires": {
        "once": "1.4.0"
      }
    },
    "flush-write-stream": {
      "version": "1.0.2",
      "resolved": "http://npm.2kweb.online/flush-write-stream/-/flush-write-stream-1.0.2.tgz",
      "integrity": "sha1-yBuQ2HRnZvGmCaRoCZRsRd2K5Bc=",
      "requires": {
        "inherits": "2.0.3",
        "readable-stream": "2.3.5"
      }
    },
    "from2": {
      "version": "2.3.0",
      "resolved": "http://npm.2kweb.online/from2/-/from2-2.3.0.tgz",
      "integrity": "sha1-i/tVAr3kpNNs/e6gB/zKIdfjgq8=",
      "requires": {
        "inherits": "2.0.3",
        "readable-stream": "2.3.5"
      }
    },
    "inherits": {
      "version": "2.0.3",
      "resolved": "http://npm.2kweb.online/inherits/-/inherits-2.0.3.tgz",
      "integrity": "sha1-Yzwsg+PaQqUC9SRmAiSA9CCCYd4="
    },
    "into-stream": {
      "version": "3.1.0",
      "resolved": "http://npm.2kweb.online/into-stream/-/into-stream-3.1.0.tgz",
      "integrity": "sha1-lvsKk2wSur1v8XUqF9BWFqvQlMY=",
      "requires": {
        "from2": "2.3.0",
        "p-is-promise": "1.1.0"
      }
    },
    "isarray": {
      "version": "1.0.0",
      "resolved": "http://npm.2kweb.online/isarray/-/isarray-1.0.0.tgz",
      "integrity": "sha1-u5NdSFgsuhaMBoNJV6VKPgcSTxE="
    },
    "json-stream-stringify": {
      "version": "1.5.1",
      "resolved": "http://npm.2kweb.online/json-stream-stringify/-/json-stream-stringify-1.5.1.tgz",
      "integrity": "sha1-urkFrqkqLxMKThQreOZsg2ehBk4="
    },
    "jsonparse": {
      "version": "1.3.1",
      "resolved": "http://npm.2kweb.online/jsonparse/-/jsonparse-1.3.1.tgz",
      "integrity": "sha1-P02uSpH6wxX3EGL4UhzCOfE2YoA="
    },
    "minimist": {
      "version": "0.0.8",
      "resolved": "https://registry.npmjs.org/minimist/-/minimist-0.0.8.tgz",
      "integrity": "sha1-hX/Kv8M5fSYluCKCYuhqp6ARsF0="
    },
    "mississippi": {
      "version": "1.3.1",
      "resolved": "http://npm.2kweb.online/mississippi/-/mississippi-1.3.1.tgz",
      "integrity": "sha512-/6rB8YXFbAtsUVRphIRQqB0+9c7VaPHCjVtvto+JqwVxgz8Zz+I+f68/JgQ+Pb4VlZb2svA9OtdXnHHsZz7ltg==",
      "requires": {
        "concat-stream": "1.6.1",
        "duplexify": "3.5.4",
        "end-of-stream": "1.4.1",
        "flush-write-stream": "1.0.2",
        "from2": "2.3.0",
        "parallel-transform": "1.1.0",
        "pump": "1.0.3",
        "pumpify": "1.4.0",
        "stream-each": "1.2.2",
        "through2": "2.0.3"
      }
    },
    "mkdirp": {
      "version": "0.5.1",
      "resolved": "https://registry.npmjs.org/mkdirp/-/mkdirp-0.5.1.tgz",
      "integrity": "sha1-MAV0OOrGz3+MR2fzhkjWaX11yQM=",
      "requires": {
        "minimist": "0.0.8"
      }
    },
    "mkdirp-then": {
      "version": "1.2.0",
      "resolved": "https://registry.npmjs.org/mkdirp-then/-/mkdirp-then-1.2.0.tgz",
      "integrity": "sha1-pJLIecpNhz9e5FAI+PVf0BUN48U=",
      "requires": {
        "any-promise": "1.3.0",
        "mkdirp": "0.5.1"
      }
    },
    "once": {
      "version": "1.4.0",
      "resolved": "http://npm.2kweb.online/once/-/once-1.4.0.tgz",
      "integrity": "sha1-WDsap3WWHUsROsF9nFC6753Xa9E=",
      "requires": {
        "wrappy": "1.0.2"
      }
    },
    "p-is-promise": {
      "version": "1.1.0",
      "resolved": "http://npm.2kweb.online/p-is-promise/-/p-is-promise-1.1.0.tgz",
      "integrity": "sha1-nJRWmJ6fZYgBewQ01WCXZ1w9oF4="
    },
    "parallel-transform": {
      "version": "1.1.0",
      "resolved": "http://npm.2kweb.online/parallel-transform/-/parallel-transform-1.1.0.tgz",
      "integrity": "sha1-1BDwZbBdojCB/NEPKIVMKb2jOwY=",
      "requires": {
        "cyclist": "0.2.2",
        "inherits": "2.0.3",
        "readable-stream": "2.3.5"
      }
    },
    "process-nextick-args": {
      "version": "2.0.0",
      "resolved": "http://npm.2kweb.online/process-nextick-args/-/process-nextick-args-2.0.0.tgz",
      "integrity": "sha512-MtEC1TqN0EU5nephaJ4rAtThHtC86dNN9qCuEhtshvpVBkAW5ZO7BASN9REnF9eoXGcRub+pFuKEpOHE+HbEMw=="
    },
    "pump": {
      "version": "1.0.3",
      "resolved": "http://npm.2kweb.online/pump/-/pump-1.0.3.tgz",
      "integrity": "sha512-8k0JupWme55+9tCVE+FS5ULT3K6AbgqrGa58lTT49RpyfwwcGedHqaC5LlQNdEAumn/wFsu6aPwkuPMioy8kqw==",
      "requires": {
        "end-of-stream": "1.4.1",
        "once": "1.4.0"
      }
    },
    "pumpify": {
      "version": "1.4.0",
      "resolved": "http://npm.2kweb.online/pumpify/-/pumpify-1.4.0.tgz",
      "integrity": "sha512-2kmNR9ry+Pf45opRVirpNuIFotsxUGLaYqxIwuR77AYrYRMuFCz9eryHBS52L360O+NcR383CL4QYlMKPq4zYA==",
      "requires": {
        "duplexify": "3.5.4",
        "inherits": "2.0.3",
        "pump": "2.0.1"
      },
      "dependencies": {
        "pump": {
          "version": "2.0.1",
          "resolved": "http://npm.2kweb.online/pump/-/pump-2.0.1.tgz",
          "integrity": "sha512-ruPMNRkN3MHP1cWJc9OWr+T/xDP0jhXYCLfJcBuX54hhfIBnaQmAUMfDcG4DM5UMWByBbJY69QSphm3jtDKIkA==",
          "requires": {
            "end-of-stream": "1.4.1",
            "once": "1.4.0"
          }
        }
      }
    },
    "readable-stream": {
      "version": "2.3.5",
      "resolved": "http://npm.2kweb.online/readable-stream/-/readable-stream-2.3.5.tgz",
      "integrity": "sha512-tK0yDhrkygt/knjowCUiWP9YdV7c5R+8cR0r/kt9ZhBU906Fs6RpQJCEilamRJj1Nx2rWI6LkW9gKqjTkshhEw==",
      "requires": {
        "core-util-is": "1.0.2",
        "inherits": "2.0.3",
        "isarray": "1.0.0",
        "process-nextick-args": "2.0.0",
        "safe-buffer": "5.1.1",
        "string_decoder": "1.0.3",
        "util-deprecate": "1.0.2"
      }
    },
    "safe-buffer": {
      "version": "5.1.1",
      "resolved": "http://npm.2kweb.online/safe-buffer/-/safe-buffer-5.1.1.tgz",
      "integrity": "sha512-kKvNJn6Mm93gAczWVJg7wH+wGYWNrDHdWvpUmHyEsgCtIwwo3bqPtV4tR5tuPaUhTOo/kvhVwd8XwwOllGYkbg=="
    },
    "stream-each": {
      "version": "1.2.2",
      "resolved": "http://npm.2kweb.online/stream-each/-/stream-each-1.2.2.tgz",
      "integrity": "sha512-mc1dbFhGBxvTM3bIWmAAINbqiuAk9TATcfIQC8P+/+HJefgaiTlMn2dHvkX8qlI12KeYKSQ1Ua9RrIqrn1VPoA==",
      "requires": {
        "end-of-stream": "1.4.1",
        "stream-shift": "1.0.0"
      }
    },
    "stream-shift": {
      "version": "1.0.0",
      "resolved": "http://npm.2kweb.online/stream-shift/-/stream-shift-1.0.0.tgz",
      "integrity": "sha1-1cdSgl5TZ+eG944Y5EXqIjoVWVI="
    },
    "string_decoder": {
      "version": "1.0.3",
      "resolved": "http://npm.2kweb.online/string_decoder/-/string_decoder-1.0.3.tgz",
      "integrity": "sha512-4AH6Z5fzNNBcH+6XDMfA/BTt87skxqJlO0lAh3Dker5zThcAxG6mKz+iGu308UKoPPQ8Dcqx/4JhujzltRa+hQ==",
      "requires": {
        "safe-buffer": "5.1.1"
      }
    },
    "through": {
      "version": "2.3.8",
      "resolved": "http://npm.2kweb.online/through/-/through-2.3.8.tgz",
      "integrity": "sha1-DdTJ/6q8NXlgsbckEV1+Doai4fU="
    },
    "through2": {
      "version": "2.0.3",
      "resolved": "http://npm.2kweb.online/through2/-/through2-2.0.3.tgz",
      "integrity": "sha1-AARWmzfHx0ujnEPzzteNGtlBQL4=",
      "requires": {
        "readable-stream": "2.3.5",
        "xtend": "4.0.1"
      }
    },
    "typedarray": {
      "version": "0.0.6",
      "resolved": "http://npm.2kweb.online/typedarray/-/typedarray-0.0.6.tgz",
      "integrity": "sha1-hnrHTjhkGHsdPUfZlqeOxciDB3c="
    },
    "util-deprecate": {
      "version": "1.0.2",
      "resolved": "http://npm.2kweb.online/util-deprecate/-/util-deprecate-1.0.2.tgz",
      "integrity": "sha1-RQ1Nyfpw3nMnYvvS1KKJgUGaDM8="
    },
    "wrappy": {
      "version": "1.0.2",
      "resolved": "http://npm.2kweb.online/wrappy/-/wrappy-1.0.2.tgz",
      "integrity": "sha1-tSQ9jz7BqjXxNkYFvA0QNuMKtp8="
    },
    "xtend": {
      "version": "4.0.1",
      "resolved": "http://npm.2kweb.online/xtend/-/xtend-4.0.1.tgz",
      "integrity": "sha1-pcbVMr5lbiPbgg77lDofBJmNY68="
    }
  }
}
